
Microsoft Visual Studio Solution File, Format Version 12.00
# Visual Studio 15
VisualStudioVersion = 15.0.27428.2002
MinimumVisualStudioVersion = 10.0.40219.1
Project("{FAE04EC0-301F-11D3-BF4B-00C04F79EFBC}") = "App", "App\App.csproj", "{C0BC6C85-09A4-4F1C-B42C-D5628566B38B}"
EndProject
Project("{FAE04EC0-301F-11D3-BF4B-00C04F79EFBC}") = "AppTest", "AppTest\AppTest.csproj", "{9AE526D7-6DF4-4947-A487-27BFFD91D504}"
EndProject
Project("{2150E333-8FDC-42A3-9474-1A3956D46DE8}") = "Solution Items", "Solution Items", "{E15DAB2E-A3DB-4E59-899A-D715825931B8}"
EndProject
Global
	GlobalSection(SolutionConfigurationPlatforms) = preSolution
		Debug|Any CPU = Debug|Any CPU
		Release|Any CPU = Release|Any CPU
	EndGlobalSection
	GlobalSection(ProjectConfigurationPlatforms) = postSolution
		{C0BC6C85-09A4-4F1C-B42C-D5628566B38B}.Debug|Any CPU.ActiveCfg = Debug|Any CPU
		{C0BC6C85-09A4-4F1C-B42C-D5628566B38B}.Debug|Any CPU.Build.0 = Debug|Any CPU
		{C0BC6C85-09A4-4F1C-B42C-D5628566B38B}.Release|Any CPU.ActiveCfg = Release|Any CPU
		{C0BC6C85-09A4-4F1C-B42C-D5628566B38B}.Release|Any CPU.Build.0 = Release|Any CPU
		{9AE526D7-6DF4-4947-A487-27BFFD91D504}.Debug|Any CPU.ActiveCfg = Debug|Any CPU
		{9AE526D7-6DF4-4947-A487-27BFFD91D504}.Debug|Any CPU.Build.0 = Debug|Any CPU
		{9AE526D7-6DF4-4947-A487-27BFFD91D504}.Release|Any CPU.ActiveCfg = Release|Any CPU
		{9AE526D7-6DF4-4947-A487-27BFFD91D504}.Release|Any CPU.Build.0 = Release|Any CPU
	EndGlobalSection
	GlobalSection(SolutionProperties) = preSolution
		HideSolutionNode = FALSE
	EndGlobalSection
	GlobalSection(ExtensibilityGlobals) = postSolution
		SolutionGuid = {57C760E5-2FFA-411D-8671-D88C9E2134A9}
	EndGlobalSection
EndGlobal
